
Microsoft Visual Studio Solution File, Format Version 12.00
# Visual Studio 15
VisualStudioVersion = 15.0.27428.2015
MinimumVisualStudioVersion = 10.0.40219.1
Project("{9A19103F-16F7-4668-BE54-9A1E7A4F7556}") = "Web", "Web\Web.csproj", "{BFEA8148-6D5C-4D00-B8EC-6578D51E6764}"
EndProject
Project("{9A19103F-16F7-4668-BE54-9A1E7A4F7556}") = "Cli", "Cli\Cli.csproj", "{30DD7D5C-AFBB-4988-A067-4165EC9EA890}"
EndProject
Project("{9A19103F-16F7-4668-BE54-9A1E7A4F7556}") = "Data", "Data\Data.csproj", "{F1D65ED1-133F-46CE-8F99-6B41D6276193}"
EndProject
Project("{FAE04EC0-301F-11D3-BF4B-00C04F79EFBC}") = "Services", "Services\Services.csproj", "{F1883187-249C-4CFD-A489-5DA80F83A9CE}"
EndProject
Global
	GlobalSection(SolutionConfigurationPlatforms) = preSolution
		Debug|Any CPU = Debug|Any CPU
		Release|Any CPU = Release|Any CPU
	EndGlobalSection
	GlobalSection(ProjectConfigurationPlatforms) = postSolution
		{BFEA8148-6D5C-4D00-B8EC-6578D51E6764}.Debug|Any CPU.ActiveCfg = Debug|Any CPU
		{BFEA8148-6D5C-4D00-B8EC-6578D51E6764}.Debug|Any CPU.Build.0 = Debug|Any CPU
		{BFEA8148-6D5C-4D00-B8EC-6578D51E6764}.Release|Any CPU.ActiveCfg = Release|Any CPU
		{BFEA8148-6D5C-4D00-B8EC-6578D51E6764}.Release|Any CPU.Build.0 = Release|Any CPU
		{30DD7D5C-AFBB-4988-A067-4165EC9EA890}.Debug|Any CPU.ActiveCfg = Debug|Any CPU
		{30DD7D5C-AFBB-4988-A067-4165EC9EA890}.Debug|Any CPU.Build.0 = Debug|Any CPU
		{30DD7D5C-AFBB-4988-A067-4165EC9EA890}.Release|Any CPU.ActiveCfg = Release|Any CPU
		{30DD7D5C-AFBB-4988-A067-4165EC9EA890}.Release|Any CPU.Build.0 = Release|Any CPU
		{F1D65ED1-133F-46CE-8F99-6B41D6276193}.Debug|Any CPU.ActiveCfg = Debug|Any CPU
		{F1D65ED1-133F-46CE-8F99-6B41D6276193}.Debug|Any CPU.Build.0 = Debug|Any CPU
		{F1D65ED1-133F-46CE-8F99-6B41D6276193}.Release|Any CPU.ActiveCfg = Release|Any CPU
		{F1D65ED1-133F-46CE-8F99-6B41D6276193}.Release|Any CPU.Build.0 = Release|Any CPU
		{F1883187-249C-4CFD-A489-5DA80F83A9CE}.Debug|Any CPU.ActiveCfg = Debug|Any CPU
		{F1883187-249C-4CFD-A489-5DA80F83A9CE}.Debug|Any CPU.Build.0 = Debug|Any CPU
		{F1883187-249C-4CFD-A489-5DA80F83A9CE}.Release|Any CPU.ActiveCfg = Release|Any CPU
		{F1883187-249C-4CFD-A489-5DA80F83A9CE}.Release|Any CPU.Build.0 = Release|Any CPU
	EndGlobalSection
	GlobalSection(SolutionProperties) = preSolution
		HideSolutionNode = FALSE
	EndGlobalSection
	GlobalSection(ExtensibilityGlobals) = postSolution
		SolutionGuid = {06A488B7-6FE1-473F-882D-E337D2F6DE3C}
	EndGlobalSection
EndGlobal
